
Microsoft Visual Studio Solution File, Format Version 12.00
# Visual Studio Version 16
VisualStudioVersion = 16.0.29001.49
MinimumVisualStudioVersion = 10.0.40219.1
Project("{FAE04EC0-301F-11D3-BF4B-00C04F79EFBC}") = "interfazdinamica", "interfazdinamica\interfazdinamica.csproj", "{8D1714BA-F156-40E0-BEF4-E18796369BD1}"
EndProject
Global
	GlobalSection(SolutionConfigurationPlatforms) = preSolution
		Debug|Any CPU = Debug|Any CPU
		Release|Any CPU = Release|Any CPU
	EndGlobalSection
	GlobalSection(ProjectConfigurationPlatforms) = postSolution
		{8D1714BA-F156-40E0-BEF4-E18796369BD1}.Debug|Any CPU.ActiveCfg = Debug|Any CPU
		{8D1714BA-F156-40E0-BEF4-E18796369BD1}.Debug|Any CPU.Build.0 = Debug|Any CPU
		{8D1714BA-F156-40E0-BEF4-E18796369BD1}.Release|Any CPU.ActiveCfg = Release|Any CPU
		{8D1714BA-F156-40E0-BEF4-E18796369BD1}.Release|Any CPU.Build.0 = Release|Any CPU
	EndGlobalSection
	GlobalSection(SolutionProperties) = preSolution
		HideSolutionNode = FALSE
	EndGlobalSection
	GlobalSection(ExtensibilityGlobals) = postSolution
		SolutionGuid = {31EF3345-573B-4FDB-9707-FA1DC9396058}
	EndGlobalSection
EndGlobal
